
Microsoft Visual Studio Solution File, Format Version 12.00
# Visual Studio Version 16
VisualStudioVersion = 16.0.30309.148
MinimumVisualStudioVersion = 10.0.40219.1
Project("{2150E333-8FDC-42A3-9474-1A3956D46DE8}") = "Makkelijk", "Makkelijk", "{4FC9D506-9CC6-48C5-9D6D-7893D93B4703}"
EndProject
Project("{FAE04EC0-301F-11D3-BF4B-00C04F79EFBC}") = "Oefening5", "Oefening5\Oefening5.csproj", "{08C33E30-6E1B-4D60-A279-1CC8B981BFBB}"
EndProject
Project("{FAE04EC0-301F-11D3-BF4B-00C04F79EFBC}") = "Oefening6", "Oefening6\Oefening6.csproj", "{3738611A-B566-4527-B84C-0E599D6A2634}"
EndProject
Project("{FAE04EC0-301F-11D3-BF4B-00C04F79EFBC}") = "Oefening16", "Oefening16\Oefening16.csproj", "{EA6E7484-19BA-4253-AB98-CBD95C62EDA6}"
EndProject
Project("{FAE04EC0-301F-11D3-BF4B-00C04F79EFBC}") = "Oefening8", "Oefening8\Oefening8.csproj", "{6B584226-E44C-405D-898D-24B8A50E5249}"
EndProject
Project("{FAE04EC0-301F-11D3-BF4B-00C04F79EFBC}") = "Oefening 9", "Oefening 9\Oefening 9.csproj", "{37611905-E2F1-4EE3-81F6-75363A92BDCC}"
EndProject
Project("{2150E333-8FDC-42A3-9474-1A3956D46DE8}") = "Medium", "Medium", "{233E4D4F-9198-49EC-924F-400D00944BCF}"
EndProject
Project("{FAE04EC0-301F-11D3-BF4B-00C04F79EFBC}") = "Oefening11", "Oefening11\Oefening11.csproj", "{373B2D09-92B6-47AF-9820-A49850DD3B61}"
EndProject
Project("{9A19103F-16F7-4668-BE54-9A1E7A4F7556}") = "IteratieConsoleAPP", "IteratieConsoleAPP\IteratieConsoleAPP.csproj", "{78B09077-5759-4C55-84D6-D25DD7A125E0}"
EndProject
Project("{FAE04EC0-301F-11D3-BF4B-00C04F79EFBC}") = "Oefening17", "Oefening17\Oefening17.csproj", "{149D4296-0D2D-4E1C-8161-1D9BC2813884}"
EndProject
Project("{2150E333-8FDC-42A3-9474-1A3956D46DE8}") = "ConsoleApps", "ConsoleApps", "{1655FAA4-1F29-43F7-8725-1C9D1566F629}"
EndProject
Project("{9A19103F-16F7-4668-BE54-9A1E7A4F7556}") = "VoorbeeldWhile1", "VoorbeeldWhile1\VoorbeeldWhile1.csproj", "{6B07B1D6-2ACA-4E26-800A-7FF47913C3AB}"
EndProject
Project("{FAE04EC0-301F-11D3-BF4B-00C04F79EFBC}") = "Oef29", "Oef29\Oef29.csproj", "{27063782-0155-422B-ADA6-DDA47CEA8D81}"
EndProject
Project("{2150E333-8FDC-42A3-9474-1A3956D46DE8}") = "Arrays", "Arrays", "{1D422282-596E-4093-851A-C1901823EC51}"
EndProject
Project("{FAE04EC0-301F-11D3-BF4B-00C04F79EFBC}") = "TestArray", "TestArray\TestArray.csproj", "{82CA8F69-7873-447A-9164-6587F9FB9AF4}"
EndProject
Project("{FAE04EC0-301F-11D3-BF4B-00C04F79EFBC}") = "WeerFkingRandomOef", "WeerFkingRandomOef\WeerFkingRandomOef.csproj", "{4A42D636-759F-4583-9792-6605EB0B13A6}"
EndProject
Project("{FAE04EC0-301F-11D3-BF4B-00C04F79EFBC}") = "Lotto", "Lotto\Lotto.csproj", "{AA8394DE-5177-44CC-870D-1E793EF6B7E9}"
EndProject
Project("{2150E333-8FDC-42A3-9474-1A3956D46DE8}") = "Selectie en basis", "Selectie en basis", "{A01D00AB-FB6E-419A-B40F-FB203B49CF3E}"
EndProject
Project("{FAE04EC0-301F-11D3-BF4B-00C04F79EFBC}") = "Oefening1", "Oefening1\Oefening1.csproj", "{6A787A55-632A-4E1F-9BF0-073A8CC51CAA}"
EndProject
Project("{FAE04EC0-301F-11D3-BF4B-00C04F79EFBC}") = "Oefening2", "Oefening2\Oefening2.csproj", "{C1BA1661-A3AC-499F-877E-5F0BB991A433}"
EndProject
Project("{FAE04EC0-301F-11D3-BF4B-00C04F79EFBC}") = "Oefening3", "Oefening3\Oefening3.csproj", "{A20166F5-7C16-4F89-A661-C11F4651757A}"
EndProject
Project("{FAE04EC0-301F-11D3-BF4B-00C04F79EFBC}") = "Oefening04", "Oefening04\Oefening04.csproj", "{8C8F1730-2982-4100-A0C3-6C9AD2D5D66C}"
EndProject
Project("{FAE04EC0-301F-11D3-BF4B-00C04F79EFBC}") = "Oefening05", "Oefening05\Oefening05.csproj", "{123C90F7-DDCB-4C96-AAEF-CC193BF1B95F}"
EndProject
Project("{FAE04EC0-301F-11D3-BF4B-00C04F79EFBC}") = "Oefening06", "Oefening06\Oefening06.csproj", "{1045C30D-3508-42B6-B2B6-2DBA45AA47A2}"
EndProject
Project("{FAE04EC0-301F-11D3-BF4B-00C04F79EFBC}") = "Oefening07", "Oefening07\Oefening07.csproj", "{A246DCF2-1433-49B2-8FBA-372FC4AB404A}"
EndProject
Project("{FAE04EC0-301F-11D3-BF4B-00C04F79EFBC}") = "Oefening08", "Oefening08\Oefening08.csproj", "{3D33B8E1-C913-4A7D-87AE-A630DC0A0169}"
EndProject
Project("{FAE04EC0-301F-11D3-BF4B-00C04F79EFBC}") = "Oefening09", "Oefening09\Oefening09.csproj", "{5424D856-6BF0-460C-AD11-8620F1585CAF}"
EndProject
Project("{2150E333-8FDC-42A3-9474-1A3956D46DE8}") = "ForNext", "ForNext", "{DE878CC1-B2E2-4E11-A128-7163B357E352}"
EndProject
Project("{FAE04EC0-301F-11D3-BF4B-00C04F79EFBC}") = "Oefening016", "Oefening016\Oefening016.csproj", "{51C97330-EAD5-4B9C-AE9D-17B3A85AC065}"
EndProject
Project("{FAE04EC0-301F-11D3-BF4B-00C04F79EFBC}") = "Oefening017", "Oefening017\Oefening017.csproj", "{8E0E2391-95C3-4522-8BC7-7EF9B879C29B}"
EndProject
Project("{FAE04EC0-301F-11D3-BF4B-00C04F79EFBC}") = "Oefening018", "Oefening018\Oefening018.csproj", "{5CF9C91C-EE14-4631-AE35-72E48DA8C895}"
EndProject
Project("{FAE04EC0-301F-11D3-BF4B-00C04F79EFBC}") = "Oefening019", "Oefening019\Oefening019.csproj", "{0C843D1F-9BE4-4879-901A-714713CAFD10}"
EndProject
Project("{FAE04EC0-301F-11D3-BF4B-00C04F79EFBC}") = "Oefening20", "Oefening20\Oefening20.csproj", "{BE97EDF7-0829-4F52-A0C2-3B816DD40B98}"
EndProject
Project("{FAE04EC0-301F-11D3-BF4B-00C04F79EFBC}") = "Oefening21", "Oefening21\Oefening21.csproj", "{D34AAF9B-2822-4C52-AEAE-5375170613EB}"
EndProject
Project("{2150E333-8FDC-42A3-9474-1A3956D46DE8}") = "While", "While", "{92C870CE-BF49-4327-B689-8B1AE17C01B0}"
EndProject
Project("{FAE04EC0-301F-11D3-BF4B-00C04F79EFBC}") = "Oefening22", "Oefening22\Oefening22.csproj", "{6844E57A-7A90-4A8B-87FB-DB34F997C230}"
EndProject
Project("{FAE04EC0-301F-11D3-BF4B-00C04F79EFBC}") = "Oefening23", "Oefening23\Oefening23.csproj", "{ED220EA3-8F96-4D30-A701-9692D27CED81}"
EndProject
Project("{FAE04EC0-301F-11D3-BF4B-00C04F79EFBC}") = "Oefening24", "Oefening24\Oefening24.csproj", "{7A4DF98E-4C24-4CE2-BF21-0FF28A0C0D27}"
EndProject
Project("{FAE04EC0-301F-11D3-BF4B-00C04F79EFBC}") = "Oefening25", "Oefening25\Oefening25.csproj", "{B7539E46-5CD4-4B3A-BD8A-90BAB5852BFE}"
EndProject
Project("{FAE04EC0-301F-11D3-BF4B-00C04F79EFBC}") = "Oefening27", "Oefening27\Oefening27.csproj", "{49B12895-D935-4FA0-B1E0-268D619BF667}"
EndProject
Project("{2150E333-8FDC-42A3-9474-1A3956D46DE8}") = "Sub en Functiemethoden", "Sub en Functiemethoden", "{023D9A98-2DF0-4C68-B52B-37349F0B048E}"
EndProject
Project("{FAE04EC0-301F-11D3-BF4B-00C04F79EFBC}") = "Oefening28", "Oefening28\Oefening28.csproj", "{81F2D9E7-4CF7-4074-946F-C4444695A3A3}"
EndProject
Project("{FAE04EC0-301F-11D3-BF4B-00C04F79EFBC}") = "Oefening29", "Oefening29\Oefening29.csproj", "{70F95FBD-20D0-4AF6-AA40-037C03C9F1F3}"
EndProject
Project("{2150E333-8FDC-42A3-9474-1A3956D46DE8}") = "VBExamen", "VBExamen", "{9A69C59C-9508-4448-AEE3-CA3880A4631C}"
EndProject
Project("{FAE04EC0-301F-11D3-BF4B-00C04F79EFBC}") = "VBSportclub", "VBSportclub\VBSportclub.csproj", "{68773406-8B27-4543-B11A-23312F9E5353}"
EndProject
Project("{9A19103F-16F7-4668-BE54-9A1E7A4F7556}") = "Oefening39", "Oefening39\Oefening39.csproj", "{0DD9A63E-8EEF-42AC-88DC-C9D664AEF106}"
EndProject
Project("{9A19103F-16F7-4668-BE54-9A1E7A4F7556}") = "Oefening35", "Oefening35\Oefening35.csproj", "{9B5E959F-2823-4727-AD1A-A116C3A44E9A}"
EndProject
Project("{FAE04EC0-301F-11D3-BF4B-00C04F79EFBC}") = "Oefening46", "Oefening46\Oefening46.csproj", "{277D13F4-6654-4A0E-A12F-6C9CC183A469}"
EndProject
Project("{2150E333-8FDC-42A3-9474-1A3956D46DE8}") = "List", "List", "{B9D9842D-5E12-43FA-B742-77FDC062B355}"
EndProject
Project("{FAE04EC0-301F-11D3-BF4B-00C04F79EFBC}") = "Oefening47", "Oefening47\Oefening47.csproj", "{AE0354AA-42AB-4F52-BEBD-D7C91CC363A7}"
EndProject
Project("{2150E333-8FDC-42A3-9474-1A3956D46DE8}") = "Besturingselementen", "Besturingselementen", "{098F963D-3D21-4009-AEF5-8245D612CEBC}"
EndProject
Project("{FAE04EC0-301F-11D3-BF4B-00C04F79EFBC}") = "Oefening32", "Oefening32\Oefening32.csproj", "{48554A92-9097-4773-812A-23E7400B0FB1}"
EndProject
Project("{2150E333-8FDC-42A3-9474-1A3956D46DE8}") = "ExtraOef", "ExtraOef", "{36000918-731A-423D-BA22-87676457AE59}"
EndProject
Global
	GlobalSection(SolutionConfigurationPlatforms) = preSolution
		Debug|Any CPU = Debug|Any CPU
		Release|Any CPU = Release|Any CPU
	EndGlobalSection
	GlobalSection(ProjectConfigurationPlatforms) = postSolution
		{08C33E30-6E1B-4D60-A279-1CC8B981BFBB}.Debug|Any CPU.ActiveCfg = Debug|Any CPU
		{08C33E30-6E1B-4D60-A279-1CC8B981BFBB}.Debug|Any CPU.Build.0 = Debug|Any CPU
		{08C33E30-6E1B-4D60-A279-1CC8B981BFBB}.Release|Any CPU.ActiveCfg = Release|Any CPU
		{08C33E30-6E1B-4D60-A279-1CC8B981BFBB}.Release|Any CPU.Build.0 = Release|Any CPU
		{3738611A-B566-4527-B84C-0E599D6A2634}.Debug|Any CPU.ActiveCfg = Debug|Any CPU
		{3738611A-B566-4527-B84C-0E599D6A2634}.Debug|Any CPU.Build.0 = Debug|Any CPU
		{3738611A-B566-4527-B84C-0E599D6A2634}.Release|Any CPU.ActiveCfg = Release|Any CPU
		{3738611A-B566-4527-B84C-0E599D6A2634}.Release|Any CPU.Build.0 = Release|Any CPU
		{EA6E7484-19BA-4253-AB98-CBD95C62EDA6}.Debug|Any CPU.ActiveCfg = Debug|Any CPU
		{EA6E7484-19BA-4253-AB98-CBD95C62EDA6}.Debug|Any CPU.Build.0 = Debug|Any CPU
		{EA6E7484-19BA-4253-AB98-CBD95C62EDA6}.Release|Any CPU.ActiveCfg = Release|Any CPU
		{EA6E7484-19BA-4253-AB98-CBD95C62EDA6}.Release|Any CPU.Build.0 = Release|Any CPU
		{6B584226-E44C-405D-898D-24B8A50E5249}.Debug|Any CPU.ActiveCfg = Debug|Any CPU
		{6B584226-E44C-405D-898D-24B8A50E5249}.Debug|Any CPU.Build.0 = Debug|Any CPU
		{6B584226-E44C-405D-898D-24B8A50E5249}.Release|Any CPU.ActiveCfg = Release|Any CPU
		{6B584226-E44C-405D-898D-24B8A50E5249}.Release|Any CPU.Build.0 = Release|Any CPU
		{37611905-E2F1-4EE3-81F6-75363A92BDCC}.Debug|Any CPU.ActiveCfg = Debug|Any CPU
		{37611905-E2F1-4EE3-81F6-75363A92BDCC}.Debug|Any CPU.Build.0 = Debug|Any CPU
		{37611905-E2F1-4EE3-81F6-75363A92BDCC}.Release|Any CPU.ActiveCfg = Release|Any CPU
		{37611905-E2F1-4EE3-81F6-75363A92BDCC}.Release|Any CPU.Build.0 = Release|Any CPU
		{373B2D09-92B6-47AF-9820-A49850DD3B61}.Debug|Any CPU.ActiveCfg = Debug|Any CPU
		{373B2D09-92B6-47AF-9820-A49850DD3B61}.Debug|Any CPU.Build.0 = Debug|Any CPU
		{373B2D09-92B6-47AF-9820-A49850DD3B61}.Release|Any CPU.ActiveCfg = Release|Any CPU
		{373B2D09-92B6-47AF-9820-A49850DD3B61}.Release|Any CPU.Build.0 = Release|Any CPU
		{78B09077-5759-4C55-84D6-D25DD7A125E0}.Debug|Any CPU.ActiveCfg = Debug|Any CPU
		{78B09077-5759-4C55-84D6-D25DD7A125E0}.Debug|Any CPU.Build.0 = Debug|Any CPU
		{78B09077-5759-4C55-84D6-D25DD7A125E0}.Release|Any CPU.ActiveCfg = Release|Any CPU
		{78B09077-5759-4C55-84D6-D25DD7A125E0}.Release|Any CPU.Build.0 = Release|Any CPU
		{149D4296-0D2D-4E1C-8161-1D9BC2813884}.Debug|Any CPU.ActiveCfg = Debug|Any CPU
		{149D4296-0D2D-4E1C-8161-1D9BC2813884}.Debug|Any CPU.Build.0 = Debug|Any CPU
		{149D4296-0D2D-4E1C-8161-1D9BC2813884}.Release|Any CPU.ActiveCfg = Release|Any CPU
		{149D4296-0D2D-4E1C-8161-1D9BC2813884}.Release|Any CPU.Build.0 = Release|Any CPU
		{6B07B1D6-2ACA-4E26-800A-7FF47913C3AB}.Debug|Any CPU.ActiveCfg = Debug|Any CPU
		{6B07B1D6-2ACA-4E26-800A-7FF47913C3AB}.Debug|Any CPU.Build.0 = Debug|Any CPU
		{6B07B1D6-2ACA-4E26-800A-7FF47913C3AB}.Release|Any CPU.ActiveCfg = Release|Any CPU
		{6B07B1D6-2ACA-4E26-800A-7FF47913C3AB}.Release|Any CPU.Build.0 = Release|Any CPU
		{27063782-0155-422B-ADA6-DDA47CEA8D81}.Debug|Any CPU.ActiveCfg = Debug|Any CPU
		{27063782-0155-422B-ADA6-DDA47CEA8D81}.Debug|Any CPU.Build.0 = Debug|Any CPU
		{27063782-0155-422B-ADA6-DDA47CEA8D81}.Release|Any CPU.ActiveCfg = Release|Any CPU
		{27063782-0155-422B-ADA6-DDA47CEA8D81}.Release|Any CPU.Build.0 = Release|Any CPU
		{82CA8F69-7873-447A-9164-6587F9FB9AF4}.Debug|Any CPU.ActiveCfg = Debug|Any CPU
		{82CA8F69-7873-447A-9164-6587F9FB9AF4}.Debug|Any CPU.Build.0 = Debug|Any CPU
		{82CA8F69-7873-447A-9164-6587F9FB9AF4}.Release|Any CPU.ActiveCfg = Release|Any CPU
		{82CA8F69-7873-447A-9164-6587F9FB9AF4}.Release|Any CPU.Build.0 = Release|Any CPU
		{4A42D636-759F-4583-9792-6605EB0B13A6}.Debug|Any CPU.ActiveCfg = Debug|Any CPU
		{4A42D636-759F-4583-9792-6605EB0B13A6}.Debug|Any CPU.Build.0 = Debug|Any CPU
		{4A42D636-759F-4583-9792-6605EB0B13A6}.Release|Any CPU.ActiveCfg = Release|Any CPU
		{4A42D636-759F-4583-9792-6605EB0B13A6}.Release|Any CPU.Build.0 = Release|Any CPU
		{AA8394DE-5177-44CC-870D-1E793EF6B7E9}.Debug|Any CPU.ActiveCfg = Debug|Any CPU
		{AA8394DE-5177-44CC-870D-1E793EF6B7E9}.Debug|Any CPU.Build.0 = Debug|Any CPU
		{AA8394DE-5177-44CC-870D-1E793EF6B7E9}.Release|Any CPU.ActiveCfg = Release|Any CPU
		{AA8394DE-5177-44CC-870D-1E793EF6B7E9}.Release|Any CPU.Build.0 = Release|Any CPU
		{6A787A55-632A-4E1F-9BF0-073A8CC51CAA}.Debug|Any CPU.ActiveCfg = Debug|Any CPU
		{6A787A55-632A-4E1F-9BF0-073A8CC51CAA}.Debug|Any CPU.Build.0 = Debug|Any CPU
		{6A787A55-632A-4E1F-9BF0-073A8CC51CAA}.Release|Any CPU.ActiveCfg = Release|Any CPU
		{6A787A55-632A-4E1F-9BF0-073A8CC51CAA}.Release|Any CPU.Build.0 = Release|Any CPU
		{C1BA1661-A3AC-499F-877E-5F0BB991A433}.Debug|Any CPU.ActiveCfg = Debug|Any CPU
		{C1BA1661-A3AC-499F-877E-5F0BB991A433}.Debug|Any CPU.Build.0 = Debug|Any CPU
		{C1BA1661-A3AC-499F-877E-5F0BB991A433}.Release|Any CPU.ActiveCfg = Release|Any CPU
		{C1BA1661-A3AC-499F-877E-5F0BB991A433}.Release|Any CPU.Build.0 = Release|Any CPU
		{A20166F5-7C16-4F89-A661-C11F4651757A}.Debug|Any CPU.ActiveCfg = Debug|Any CPU
		{A20166F5-7C16-4F89-A661-C11F4651757A}.Debug|Any CPU.Build.0 = Debug|Any CPU
		{A20166F5-7C16-4F89-A661-C11F4651757A}.Release|Any CPU.ActiveCfg = Release|Any CPU
		{A20166F5-7C16-4F89-A661-C11F4651757A}.Release|Any CPU.Build.0 = Release|Any CPU
		{8C8F1730-2982-4100-A0C3-6C9AD2D5D66C}.Debug|Any CPU.ActiveCfg = Debug|Any CPU
		{8C8F1730-2982-4100-A0C3-6C9AD2D5D66C}.Debug|Any CPU.Build.0 = Debug|Any CPU
		{8C8F1730-2982-4100-A0C3-6C9AD2D5D66C}.Release|Any CPU.ActiveCfg = Release|Any CPU
		{8C8F1730-2982-4100-A0C3-6C9AD2D5D66C}.Release|Any CPU.Build.0 = Release|Any CPU
		{123C90F7-DDCB-4C96-AAEF-CC193BF1B95F}.Debug|Any CPU.ActiveCfg = Debug|Any CPU
		{123C90F7-DDCB-4C96-AAEF-CC193BF1B95F}.Debug|Any CPU.Build.0 = Debug|Any CPU
		{123C90F7-DDCB-4C96-AAEF-CC193BF1B95F}.Release|Any CPU.ActiveCfg = Release|Any CPU
		{123C90F7-DDCB-4C96-AAEF-CC193BF1B95F}.Release|Any CPU.Build.0 = Release|Any CPU
		{1045C30D-3508-42B6-B2B6-2DBA45AA47A2}.Debug|Any CPU.ActiveCfg = Debug|Any CPU
		{1045C30D-3508-42B6-B2B6-2DBA45AA47A2}.Debug|Any CPU.Build.0 = Debug|Any CPU
		{1045C30D-3508-42B6-B2B6-2DBA45AA47A2}.Release|Any CPU.ActiveCfg = Release|Any CPU
		{1045C30D-3508-42B6-B2B6-2DBA45AA47A2}.Release|Any CPU.Build.0 = Release|Any CPU
		{A246DCF2-1433-49B2-8FBA-372FC4AB404A}.Debug|Any CPU.ActiveCfg = Debug|Any CPU
		{A246DCF2-1433-49B2-8FBA-372FC4AB404A}.Debug|Any CPU.Build.0 = Debug|Any CPU
		{A246DCF2-1433-49B2-8FBA-372FC4AB404A}.Release|Any CPU.ActiveCfg = Release|Any CPU
		{A246DCF2-1433-49B2-8FBA-372FC4AB404A}.Release|Any CPU.Build.0 = Release|Any CPU
		{3D33B8E1-C913-4A7D-87AE-A630DC0A0169}.Debug|Any CPU.ActiveCfg = Debug|Any CPU
		{3D33B8E1-C913-4A7D-87AE-A630DC0A0169}.Debug|Any CPU.Build.0 = Debug|Any CPU
		{3D33B8E1-C913-4A7D-87AE-A630DC0A0169}.Release|Any CPU.ActiveCfg = Release|Any CPU
		{3D33B8E1-C913-4A7D-87AE-A630DC0A0169}.Release|Any CPU.Build.0 = Release|Any CPU
		{5424D856-6BF0-460C-AD11-8620F1585CAF}.Debug|Any CPU.ActiveCfg = Debug|Any CPU
		{5424D856-6BF0-460C-AD11-8620F1585CAF}.Debug|Any CPU.Build.0 = Debug|Any CPU
		{5424D856-6BF0-460C-AD11-8620F1585CAF}.Release|Any CPU.ActiveCfg = Release|Any CPU
		{5424D856-6BF0-460C-AD11-8620F1585CAF}.Release|Any CPU.Build.0 = Release|Any CPU
		{51C97330-EAD5-4B9C-AE9D-17B3A85AC065}.Debug|Any CPU.ActiveCfg = Debug|Any CPU
		{51C97330-EAD5-4B9C-AE9D-17B3A85AC065}.Debug|Any CPU.Build.0 = Debug|Any CPU
		{51C97330-EAD5-4B9C-AE9D-17B3A85AC065}.Release|Any CPU.ActiveCfg = Release|Any CPU
		{51C97330-EAD5-4B9C-AE9D-17B3A85AC065}.Release|Any CPU.Build.0 = Release|Any CPU
		{8E0E2391-95C3-4522-8BC7-7EF9B879C29B}.Debug|Any CPU.ActiveCfg = Debug|Any CPU
		{8E0E2391-95C3-4522-8BC7-7EF9B879C29B}.Debug|Any CPU.Build.0 = Debug|Any CPU
		{8E0E2391-95C3-4522-8BC7-7EF9B879C29B}.Release|Any CPU.ActiveCfg = Release|Any CPU
		{8E0E2391-95C3-4522-8BC7-7EF9B879C29B}.Release|Any CPU.Build.0 = Release|Any CPU
		{5CF9C91C-EE14-4631-AE35-72E48DA8C895}.Debug|Any CPU.ActiveCfg = Debug|Any CPU
		{5CF9C91C-EE14-4631-AE35-72E48DA8C895}.Debug|Any CPU.Build.0 = Debug|Any CPU
		{5CF9C91C-EE14-4631-AE35-72E48DA8C895}.Release|Any CPU.ActiveCfg = Release|Any CPU
		{5CF9C91C-EE14-4631-AE35-72E48DA8C895}.Release|Any CPU.Build.0 = Release|Any CPU
		{0C843D1F-9BE4-4879-901A-714713CAFD10}.Debug|Any CPU.ActiveCfg = Debug|Any CPU
		{0C843D1F-9BE4-4879-901A-714713CAFD10}.Debug|Any CPU.Build.0 = Debug|Any CPU
		{0C843D1F-9BE4-4879-901A-714713CAFD10}.Release|Any CPU.ActiveCfg = Release|Any CPU
		{0C843D1F-9BE4-4879-901A-714713CAFD10}.Release|Any CPU.Build.0 = Release|Any CPU
		{BE97EDF7-0829-4F52-A0C2-3B816DD40B98}.Debug|Any CPU.ActiveCfg = Debug|Any CPU
		{BE97EDF7-0829-4F52-A0C2-3B816DD40B98}.Debug|Any CPU.Build.0 = Debug|Any CPU
		{BE97EDF7-0829-4F52-A0C2-3B816DD40B98}.Release|Any CPU.ActiveCfg = Release|Any CPU
		{BE97EDF7-0829-4F52-A0C2-3B816DD40B98}.Release|Any CPU.Build.0 = Release|Any CPU
		{D34AAF9B-2822-4C52-AEAE-5375170613EB}.Debug|Any CPU.ActiveCfg = Debug|Any CPU
		{D34AAF9B-2822-4C52-AEAE-5375170613EB}.Debug|Any CPU.Build.0 = Debug|Any CPU
		{D34AAF9B-2822-4C52-AEAE-5375170613EB}.Release|Any CPU.ActiveCfg = Release|Any CPU
		{D34AAF9B-2822-4C52-AEAE-5375170613EB}.Release|Any CPU.Build.0 = Release|Any CPU
		{6844E57A-7A90-4A8B-87FB-DB34F997C230}.Debug|Any CPU.ActiveCfg = Debug|Any CPU
		{6844E57A-7A90-4A8B-87FB-DB34F997C230}.Debug|Any CPU.Build.0 = Debug|Any CPU
		{6844E57A-7A90-4A8B-87FB-DB34F997C230}.Release|Any CPU.ActiveCfg = Release|Any CPU
		{6844E57A-7A90-4A8B-87FB-DB34F997C230}.Release|Any CPU.Build.0 = Release|Any CPU
		{ED220EA3-8F96-4D30-A701-9692D27CED81}.Debug|Any CPU.ActiveCfg = Debug|Any CPU
		{ED220EA3-8F96-4D30-A701-9692D27CED81}.Debug|Any CPU.Build.0 = Debug|Any CPU
		{ED220EA3-8F96-4D30-A701-9692D27CED81}.Release|Any CPU.ActiveCfg = Release|Any CPU
		{ED220EA3-8F96-4D30-A701-9692D27CED81}.Release|Any CPU.Build.0 = Release|Any CPU
		{7A4DF98E-4C24-4CE2-BF21-0FF28A0C0D27}.Debug|Any CPU.ActiveCfg = Debug|Any CPU
		{7A4DF98E-4C24-4CE2-BF21-0FF28A0C0D27}.Debug|Any CPU.Build.0 = Debug|Any CPU
		{7A4DF98E-4C24-4CE2-BF21-0FF28A0C0D27}.Release|Any CPU.ActiveCfg = Release|Any CPU
		{7A4DF98E-4C24-4CE2-BF21-0FF28A0C0D27}.Release|Any CPU.Build.0 = Release|Any CPU
		{B7539E46-5CD4-4B3A-BD8A-90BAB5852BFE}.Debug|Any CPU.ActiveCfg = Debug|Any CPU
		{B7539E46-5CD4-4B3A-BD8A-90BAB5852BFE}.Debug|Any CPU.Build.0 = Debug|Any CPU
		{B7539E46-5CD4-4B3A-BD8A-90BAB5852BFE}.Release|Any CPU.ActiveCfg = Release|Any CPU
		{B7539E46-5CD4-4B3A-BD8A-90BAB5852BFE}.Release|Any CPU.Build.0 = Release|Any CPU
		{49B12895-D935-4FA0-B1E0-268D619BF667}.Debug|Any CPU.ActiveCfg = Debug|Any CPU
		{49B12895-D935-4FA0-B1E0-268D619BF667}.Debug|Any CPU.Build.0 = Debug|Any CPU
		{49B12895-D935-4FA0-B1E0-268D619BF667}.Release|Any CPU.ActiveCfg = Release|Any CPU
		{49B12895-D935-4FA0-B1E0-268D619BF667}.Release|Any CPU.Build.0 = Release|Any CPU
		{81F2D9E7-4CF7-4074-946F-C4444695A3A3}.Debug|Any CPU.ActiveCfg = Debug|Any CPU
		{81F2D9E7-4CF7-4074-946F-C4444695A3A3}.Debug|Any CPU.Build.0 = Debug|Any CPU
		{81F2D9E7-4CF7-4074-946F-C4444695A3A3}.Release|Any CPU.ActiveCfg = Release|Any CPU
		{81F2D9E7-4CF7-4074-946F-C4444695A3A3}.Release|Any CPU.Build.0 = Release|Any CPU
		{70F95FBD-20D0-4AF6-AA40-037C03C9F1F3}.Debug|Any CPU.ActiveCfg = Debug|Any CPU
		{70F95FBD-20D0-4AF6-AA40-037C03C9F1F3}.Debug|Any CPU.Build.0 = Debug|Any CPU
		{70F95FBD-20D0-4AF6-AA40-037C03C9F1F3}.Release|Any CPU.ActiveCfg = Release|Any CPU
		{70F95FBD-20D0-4AF6-AA40-037C03C9F1F3}.Release|Any CPU.Build.0 = Release|Any CPU
		{68773406-8B27-4543-B11A-23312F9E5353}.Debug|Any CPU.ActiveCfg = Debug|Any CPU
		{68773406-8B27-4543-B11A-23312F9E5353}.Debug|Any CPU.Build.0 = Debug|Any CPU
		{68773406-8B27-4543-B11A-23312F9E5353}.Release|Any CPU.ActiveCfg = Release|Any CPU
		{68773406-8B27-4543-B11A-23312F9E5353}.Release|Any CPU.Build.0 = Release|Any CPU
		{0DD9A63E-8EEF-42AC-88DC-C9D664AEF106}.Debug|Any CPU.ActiveCfg = Debug|Any CPU
		{0DD9A63E-8EEF-42AC-88DC-C9D664AEF106}.Debug|Any CPU.Build.0 = Debug|Any CPU
		{0DD9A63E-8EEF-42AC-88DC-C9D664AEF106}.Release|Any CPU.ActiveCfg = Release|Any CPU
		{0DD9A63E-8EEF-42AC-88DC-C9D664AEF106}.Release|Any CPU.Build.0 = Release|Any CPU
		{9B5E959F-2823-4727-AD1A-A116C3A44E9A}.Debug|Any CPU.ActiveCfg = Debug|Any CPU
		{9B5E959F-2823-4727-AD1A-A116C3A44E9A}.Debug|Any CPU.Build.0 = Debug|Any CPU
		{9B5E959F-2823-4727-AD1A-A116C3A44E9A}.Release|Any CPU.ActiveCfg = Release|Any CPU
		{9B5E959F-2823-4727-AD1A-A116C3A44E9A}.Release|Any CPU.Build.0 = Release|Any CPU
		{277D13F4-6654-4A0E-A12F-6C9CC183A469}.Debug|Any CPU.ActiveCfg = Debug|Any CPU
		{277D13F4-6654-4A0E-A12F-6C9CC183A469}.Debug|Any CPU.Build.0 = Debug|Any CPU
		{277D13F4-6654-4A0E-A12F-6C9CC183A469}.Release|Any CPU.ActiveCfg = Release|Any CPU
		{277D13F4-6654-4A0E-A12F-6C9CC183A469}.Release|Any CPU.Build.0 = Release|Any CPU
		{AE0354AA-42AB-4F52-BEBD-D7C91CC363A7}.Debug|Any CPU.ActiveCfg = Debug|Any CPU
		{AE0354AA-42AB-4F52-BEBD-D7C91CC363A7}.Debug|Any CPU.Build.0 = Debug|Any CPU
		{AE0354AA-42AB-4F52-BEBD-D7C91CC363A7}.Release|Any CPU.ActiveCfg = Release|Any CPU
		{AE0354AA-42AB-4F52-BEBD-D7C91CC363A7}.Release|Any CPU.Build.0 = Release|Any CPU
		{48554A92-9097-4773-812A-23E7400B0FB1}.Debug|Any CPU.ActiveCfg = Debug|Any CPU
		{48554A92-9097-4773-812A-23E7400B0FB1}.Debug|Any CPU.Build.0 = Debug|Any CPU
		{48554A92-9097-4773-812A-23E7400B0FB1}.Release|Any CPU.ActiveCfg = Release|Any CPU
		{48554A92-9097-4773-812A-23E7400B0FB1}.Release|Any CPU.Build.0 = Release|Any CPU
	EndGlobalSection
	GlobalSection(SolutionProperties) = preSolution
		HideSolutionNode = FALSE
	EndGlobalSection
	GlobalSection(NestedProjects) = preSolution
		{08C33E30-6E1B-4D60-A279-1CC8B981BFBB} = {4FC9D506-9CC6-48C5-9D6D-7893D93B4703}
		{3738611A-B566-4527-B84C-0E599D6A2634} = {4FC9D506-9CC6-48C5-9D6D-7893D93B4703}
		{EA6E7484-19BA-4253-AB98-CBD95C62EDA6} = {4FC9D506-9CC6-48C5-9D6D-7893D93B4703}
		{6B584226-E44C-405D-898D-24B8A50E5249} = {4FC9D506-9CC6-48C5-9D6D-7893D93B4703}
		{37611905-E2F1-4EE3-81F6-75363A92BDCC} = {4FC9D506-9CC6-48C5-9D6D-7893D93B4703}
		{373B2D09-92B6-47AF-9820-A49850DD3B61} = {4FC9D506-9CC6-48C5-9D6D-7893D93B4703}
		{78B09077-5759-4C55-84D6-D25DD7A125E0} = {4FC9D506-9CC6-48C5-9D6D-7893D93B4703}
		{149D4296-0D2D-4E1C-8161-1D9BC2813884} = {4FC9D506-9CC6-48C5-9D6D-7893D93B4703}
		{6B07B1D6-2ACA-4E26-800A-7FF47913C3AB} = {1655FAA4-1F29-43F7-8725-1C9D1566F629}
		{27063782-0155-422B-ADA6-DDA47CEA8D81} = {233E4D4F-9198-49EC-924F-400D00944BCF}
		{82CA8F69-7873-447A-9164-6587F9FB9AF4} = {1D422282-596E-4093-851A-C1901823EC51}
		{4A42D636-759F-4583-9792-6605EB0B13A6} = {233E4D4F-9198-49EC-924F-400D00944BCF}
		{AA8394DE-5177-44CC-870D-1E793EF6B7E9} = {233E4D4F-9198-49EC-924F-400D00944BCF}
		{6A787A55-632A-4E1F-9BF0-073A8CC51CAA} = {A01D00AB-FB6E-419A-B40F-FB203B49CF3E}
		{C1BA1661-A3AC-499F-877E-5F0BB991A433} = {A01D00AB-FB6E-419A-B40F-FB203B49CF3E}
		{A20166F5-7C16-4F89-A661-C11F4651757A} = {A01D00AB-FB6E-419A-B40F-FB203B49CF3E}
		{8C8F1730-2982-4100-A0C3-6C9AD2D5D66C} = {A01D00AB-FB6E-419A-B40F-FB203B49CF3E}
		{123C90F7-DDCB-4C96-AAEF-CC193BF1B95F} = {A01D00AB-FB6E-419A-B40F-FB203B49CF3E}
		{1045C30D-3508-42B6-B2B6-2DBA45AA47A2} = {A01D00AB-FB6E-419A-B40F-FB203B49CF3E}
		{A246DCF2-1433-49B2-8FBA-372FC4AB404A} = {A01D00AB-FB6E-419A-B40F-FB203B49CF3E}
		{3D33B8E1-C913-4A7D-87AE-A630DC0A0169} = {A01D00AB-FB6E-419A-B40F-FB203B49CF3E}
		{5424D856-6BF0-460C-AD11-8620F1585CAF} = {A01D00AB-FB6E-419A-B40F-FB203B49CF3E}
		{51C97330-EAD5-4B9C-AE9D-17B3A85AC065} = {DE878CC1-B2E2-4E11-A128-7163B357E352}
		{8E0E2391-95C3-4522-8BC7-7EF9B879C29B} = {DE878CC1-B2E2-4E11-A128-7163B357E352}
		{5CF9C91C-EE14-4631-AE35-72E48DA8C895} = {DE878CC1-B2E2-4E11-A128-7163B357E352}
		{0C843D1F-9BE4-4879-901A-714713CAFD10} = {DE878CC1-B2E2-4E11-A128-7163B357E352}
		{BE97EDF7-0829-4F52-A0C2-3B816DD40B98} = {DE878CC1-B2E2-4E11-A128-7163B357E352}
		{D34AAF9B-2822-4C52-AEAE-5375170613EB} = {DE878CC1-B2E2-4E11-A128-7163B357E352}
		{6844E57A-7A90-4A8B-87FB-DB34F997C230} = {92C870CE-BF49-4327-B689-8B1AE17C01B0}
		{ED220EA3-8F96-4D30-A701-9692D27CED81} = {92C870CE-BF49-4327-B689-8B1AE17C01B0}
		{7A4DF98E-4C24-4CE2-BF21-0FF28A0C0D27} = {92C870CE-BF49-4327-B689-8B1AE17C01B0}
		{B7539E46-5CD4-4B3A-BD8A-90BAB5852BFE} = {92C870CE-BF49-4327-B689-8B1AE17C01B0}
		{49B12895-D935-4FA0-B1E0-268D619BF667} = {92C870CE-BF49-4327-B689-8B1AE17C01B0}
		{81F2D9E7-4CF7-4074-946F-C4444695A3A3} = {023D9A98-2DF0-4C68-B52B-37349F0B048E}
		{70F95FBD-20D0-4AF6-AA40-037C03C9F1F3} = {023D9A98-2DF0-4C68-B52B-37349F0B048E}
		{68773406-8B27-4543-B11A-23312F9E5353} = {9A69C59C-9508-4448-AEE3-CA3880A4631C}
		{0DD9A63E-8EEF-42AC-88DC-C9D664AEF106} = {1D422282-596E-4093-851A-C1901823EC51}
		{9B5E959F-2823-4727-AD1A-A116C3A44E9A} = {1D422282-596E-4093-851A-C1901823EC51}
		{277D13F4-6654-4A0E-A12F-6C9CC183A469} = {1D422282-596E-4093-851A-C1901823EC51}
		{B9D9842D-5E12-43FA-B742-77FDC062B355} = {1D422282-596E-4093-851A-C1901823EC51}
		{AE0354AA-42AB-4F52-BEBD-D7C91CC363A7} = {B9D9842D-5E12-43FA-B742-77FDC062B355}
		{48554A92-9097-4773-812A-23E7400B0FB1} = {098F963D-3D21-4009-AEF5-8245D612CEBC}
	EndGlobalSection
	GlobalSection(ExtensibilityGlobals) = postSolution
		SolutionGuid = {D0AF97F1-CFDB-4799-897B-C0165D6A7C56}
	EndGlobalSection
EndGlobal
