
Microsoft Visual Studio Solution File, Format Version 12.00
# Visual Studio 15
VisualStudioVersion = 15.0.28307.329
MinimumVisualStudioVersion = 10.0.40219.1
Project("{FAE04EC0-301F-11D3-BF4B-00C04F79EFBC}") = "ReizenOefening", "ReizenOefening\ReizenOefening.csproj", "{5B214EF2-3E19-4E12-86BF-1EE982FB8B80}"
EndProject
Global
	GlobalSection(SolutionConfigurationPlatforms) = preSolution
		Debug|Any CPU = Debug|Any CPU
		Release|Any CPU = Release|Any CPU
	EndGlobalSection
	GlobalSection(ProjectConfigurationPlatforms) = postSolution
		{5B214EF2-3E19-4E12-86BF-1EE982FB8B80}.Debug|Any CPU.ActiveCfg = Debug|Any CPU
		{5B214EF2-3E19-4E12-86BF-1EE982FB8B80}.Debug|Any CPU.Build.0 = Debug|Any CPU
		{5B214EF2-3E19-4E12-86BF-1EE982FB8B80}.Release|Any CPU.ActiveCfg = Release|Any CPU
		{5B214EF2-3E19-4E12-86BF-1EE982FB8B80}.Release|Any CPU.Build.0 = Release|Any CPU
	EndGlobalSection
	GlobalSection(SolutionProperties) = preSolution
		HideSolutionNode = FALSE
	EndGlobalSection
	GlobalSection(ExtensibilityGlobals) = postSolution
		SolutionGuid = {D3976F6B-6563-4637-9EB0-88B5BD2725F8}
	EndGlobalSection
EndGlobal
