
Microsoft Visual Studio Solution File, Format Version 12.00
# Visual Studio Version 16
VisualStudioVersion = 16.0.31005.135
MinimumVisualStudioVersion = 10.0.40219.1
Project("{FAE04EC0-301F-11D3-BF4B-00C04F79EFBC}") = "OefeningWoordenboek", "OefeningWoordenboek\OefeningWoordenboek.csproj", "{CF2755EF-4107-4488-8097-3477B8A9D699}"
EndProject
Global
	GlobalSection(SolutionConfigurationPlatforms) = preSolution
		Debug|Any CPU = Debug|Any CPU
		Release|Any CPU = Release|Any CPU
	EndGlobalSection
	GlobalSection(ProjectConfigurationPlatforms) = postSolution
		{CF2755EF-4107-4488-8097-3477B8A9D699}.Debug|Any CPU.ActiveCfg = Debug|Any CPU
		{CF2755EF-4107-4488-8097-3477B8A9D699}.Debug|Any CPU.Build.0 = Debug|Any CPU
		{CF2755EF-4107-4488-8097-3477B8A9D699}.Release|Any CPU.ActiveCfg = Release|Any CPU
		{CF2755EF-4107-4488-8097-3477B8A9D699}.Release|Any CPU.Build.0 = Release|Any CPU
	EndGlobalSection
	GlobalSection(SolutionProperties) = preSolution
		HideSolutionNode = FALSE
	EndGlobalSection
	GlobalSection(ExtensibilityGlobals) = postSolution
		SolutionGuid = {64627FE4-2373-4675-9C7D-CB09674FEFC2}
	EndGlobalSection
EndGlobal
